// !$*UTF8*$!
{
	archiveVersion = 1;
	classes = {
	};
	objectVersion = 56;
	objects = {

/* Begin PBXBuildFile section */
		F9E14FB22C4D5A4200ECBD2C /* TestExampleApp.swift in Sources */ = {isa = PBXBuildFile; fileRef = F9E14FB12C4D5A4200ECBD2C /* TestExampleApp.swift */; };
		F9E14FB42C4D5A4200ECBD2C /* ContentView.swift in Sources */ = {isa = PBXBuildFile; fileRef = F9E14FB32C4D5A4200ECBD2C /* ContentView.swift */; };
		F9E14FB62C4D5A4300ECBD2C /* Assets.xcassets in Resources */ = {isa = PBXBuildFile; fileRef = F9E14FB52C4D5A4300ECBD2C /* Assets.xcassets */; };
		F9E14FB92C4D5A4300ECBD2C /* Preview Assets.xcassets in Resources */ = {isa = PBXBuildFile; fileRef = F9E14FB82C4D5A4300ECBD2C /* Preview Assets.xcassets */; };
		F9E14FC62C4D5AE600ECBD2C /* TestExampleUITests.swift in Sources */ = {isa = PBXBuildFile; fileRef = F9E14FC52C4D5AE600ECBD2C /* TestExampleUITests.swift */; };
		F9E14FC82C4D5AE600ECBD2C /* TestExampleUITestsLaunchTests.swift in Sources */ = {isa = PBXBuildFile; fileRef = F9E14FC72C4D5AE600ECBD2C /* TestExampleUITestsLaunchTests.swift */; };
/* End PBXBuildFile section */

/* Begin PBXContainerItemProxy section */
		F9E14FC92C4D5AE600ECBD2C /* PBXContainerItemProxy */ = {
			isa = PBXContainerItemProxy;
			containerPortal = F9E14FA62C4D5A4200ECBD2C /* Project object */;
			proxyType = 1;
			remoteGlobalIDString = F9E14FAD2C4D5A4200ECBD2C;
			remoteInfo = TestExample;
		};
/* End PBXContainerItemProxy section */

/* Begin PBXFileReference section */
		F9E14FAE2C4D5A4200ECBD2C /* TestExample.app */ = {isa = PBXFileReference; explicitFileType = wrapper.application; includeInIndex = 0; path = TestExample.app; sourceTree = BUILT_PRODUCTS_DIR; };
		F9E14FB12C4D5A4200ECBD2C /* TestExampleApp.swift */ = {isa = PBXFileReference; lastKnownFileType = sourcecode.swift; path = TestExampleApp.swift; sourceTree = "<group>"; };
		F9E14FB32C4D5A4200ECBD2C /* ContentView.swift */ = {isa = PBXFileReference; lastKnownFileType = sourcecode.swift; path = ContentView.swift; sourceTree = "<group>"; };
		F9E14FB52C4D5A4300ECBD2C /* Assets.xcassets */ = {isa = PBXFileReference; lastKnownFileType = folder.assetcatalog; path = Assets.xcassets; sourceTree = "<group>"; };
		F9E14FB82C4D5A4300ECBD2C /* Preview Assets.xcassets */ = {isa = PBXFileReference; lastKnownFileType = folder.assetcatalog; path = "Preview Assets.xcassets"; sourceTree = "<group>"; };
		F9E14FC32C4D5AE600ECBD2C /* TestExampleUITests.xctest */ = {isa = PBXFileReference; explicitFileType = wrapper.cfbundle; includeInIndex = 0; path = TestExampleUITests.xctest; sourceTree = BUILT_PRODUCTS_DIR; };
		F9E14FC52C4D5AE600ECBD2C /* TestExampleUITests.swift */ = {isa = PBXFileReference; lastKnownFileType = sourcecode.swift; path = TestExampleUITests.swift; sourceTree = "<group>"; };
		F9E14FC72C4D5AE600ECBD2C /* TestExampleUITestsLaunchTests.swift */ = {isa = PBXFileReference; lastKnownFileType = sourcecode.swift; path = TestExampleUITestsLaunchTests.swift; sourceTree = "<group>"; };
/* End PBXFileReference section */

/* Begin PBXFrameworksBuildPhase section */
		F9E14FAB2C4D5A4200ECBD2C /* Frameworks */ = {
			isa = PBXFrameworksBuildPhase;
			buildActionMask = 2147483647;
			files = (
			);
			runOnlyForDeploymentPostprocessing = 0;
		};
		F9E14FC02C4D5AE600ECBD2C /* Frameworks */ = {
			isa = PBXFrameworksBuildPhase;
			buildActionMask = 2147483647;
			files = (
			);
			runOnlyForDeploymentPostprocessing = 0;
		};
/* End PBXFrameworksBuildPhase section */

/* Begin PBXGroup section */
		F9E14FA52C4D5A4200ECBD2C = {
			isa = PBXGroup;
			children = (
				F9E14FB02C4D5A4200ECBD2C /* TestExample */,
				F9E14FC42C4D5AE600ECBD2C /* TestExampleUITests */,
				F9E14FAF2C4D5A4200ECBD2C /* Products */,
			);
			sourceTree = "<group>";
		};
		F9E14FAF2C4D5A4200ECBD2C /* Products */ = {
			isa = PBXGroup;
			children = (
				F9E14FAE2C4D5A4200ECBD2C /* TestExample.app */,
				F9E14FC32C4D5AE600ECBD2C /* TestExampleUITests.xctest */,
			);
			name = Products;
			sourceTree = "<group>";
		};
		F9E14FB02C4D5A4200ECBD2C /* TestExample */ = {
			isa = PBXGroup;
			children = (
				F9E14FB12C4D5A4200ECBD2C /* TestExampleApp.swift */,
				F9E14FB32C4D5A4200ECBD2C /* ContentView.swift */,
				F9E14FB52C4D5A4300ECBD2C /* Assets.xcassets */,
				F9E14FB72C4D5A4300ECBD2C /* Preview Content */,
			);
			path = TestExample;
			sourceTree = "<group>";
		};
		F9E14FB72C4D5A4300ECBD2C /* Preview Content */ = {
			isa = PBXGroup;
			children = (
				F9E14FB82C4D5A4300ECBD2C /* Preview Assets.xcassets */,
			);
			path = "Preview Content";
			sourceTree = "<group>";
		};
		F9E14FC42C4D5AE600ECBD2C /* TestExampleUITests */ = {
			isa = PBXGroup;
			children = (
				F9E14FC52C4D5AE600ECBD2C /* TestExampleUITests.swift */,
				F9E14FC72C4D5AE600ECBD2C /* TestExampleUITestsLaunchTests.swift */,
			);
			path = TestExampleUITests;
			sourceTree = "<group>";
		};
/* End PBXGroup section */

/* Begin PBXNativeTarget section */
		F9E14FAD2C4D5A4200ECBD2C /* TestExample */ = {
			isa = PBXNativeTarget;
			buildConfigurationList = F9E14FBC2C4D5A4300ECBD2C /* Build configuration list for PBXNativeTarget "TestExample" */;
			buildPhases = (
				F9E14FAA2C4D5A4200ECBD2C /* Sources */,
				F9E14FAB2C4D5A4200ECBD2C /* Frameworks */,
				F9E14FAC2C4D5A4200ECBD2C /* Resources */,
			);
			buildRules = (
			);
			dependencies = (
			);
			name = TestExample;
			productName = TestExample;
			productReference = F9E14FAE2C4D5A4200ECBD2C /* TestExample.app */;
			productType = "com.apple.product-type.application";
		};
		F9E14FC22C4D5AE600ECBD2C /* TestExampleUITests */ = {
			isa = PBXNativeTarget;
			buildConfigurationList = F9E14FCB2C4D5AE600ECBD2C /* Build configuration list for PBXNativeTarget "TestExampleUITests" */;
			buildPhases = (
				F9E14FBF2C4D5AE600ECBD2C /* Sources */,
				F9E14FC02C4D5AE600ECBD2C /* Frameworks */,
				F9E14FC12C4D5AE600ECBD2C /* Resources */,
			);
			buildRules = (
			);
			dependencies = (
				F9E14FCA2C4D5AE600ECBD2C /* PBXTargetDependency */,
			);
			name = TestExampleUITests;
			productName = TestExampleUITests;
			productReference = F9E14FC32C4D5AE600ECBD2C /* TestExampleUITests.xctest */;
			productType = "com.apple.product-type.bundle.ui-testing";
		};
/* End PBXNativeTarget section */

/* Begin PBXProject section */
		F9E14FA62C4D5A4200ECBD2C /* Project object */ = {
			isa = PBXProject;
			attributes = {
				BuildIndependentTargetsInParallel = 1;
				LastSwiftUpdateCheck = 1540;
				LastUpgradeCheck = 1540;
				TargetAttributes = {
					F9E14FAD2C4D5A4200ECBD2C = {
						CreatedOnToolsVersion = 15.4;
					};
					F9E14FC22C4D5AE600ECBD2C = {
						CreatedOnToolsVersion = 15.4;
						TestTargetID = F9E14FAD2C4D5A4200ECBD2C;
					};
				};
			};
			buildConfigurationList = F9E14FA92C4D5A4200ECBD2C /* Build configuration list for PBXProject "TestExample" */;
			compatibilityVersion = "Xcode 14.0";
			developmentRegion = en;
			hasScannedForEncodings = 0;
			knownRegions = (
				en,
				Base,
			);
			mainGroup = F9E14FA52C4D5A4200ECBD2C;
			productRefGroup = F9E14FAF2C4D5A4200ECBD2C /* Products */;
			projectDirPath = "";
			projectRoot = "";
			targets = (
				F9E14FAD2C4D5A4200ECBD2C /* TestExample */,
				F9E14FC22C4D5AE600ECBD2C /* TestExampleUITests */,
			);
		};
/* End PBXProject section */

/* Begin PBXResourcesBuildPhase section */
		F9E14FAC2C4D5A4200ECBD2C /* Resources */ = {
			isa = PBXResourcesBuildPhase;
			buildActionMask = 2147483647;
			files = (
				F9E14FB92C4D5A4300ECBD2C /* Preview Assets.xcassets in Resources */,
				F9E14FB62C4D5A4300ECBD2C /* Assets.xcassets in Resources */,
			);
			runOnlyForDeploymentPostprocessing = 0;
		};
		F9E14FC12C4D5AE600ECBD2C /* Resources */ = {
			isa = PBXResourcesBuildPhase;
			buildActionMask = 2147483647;
			files = (
			);
			runOnlyForDeploymentPostprocessing = 0;
		};
/* End PBXResourcesBuildPhase section */

/* Begin PBXSourcesBuildPhase section */
		F9E14FAA2C4D5A4200ECBD2C /* Sources */ = {
			isa = PBXSourcesBuildPhase;
			buildActionMask = 2147483647;
			files = (
				F9E14FB42C4D5A4200ECBD2C /* ContentView.swift in Sources */,
				F9E14FB22C4D5A4200ECBD2C /* TestExampleApp.swift in Sources */,
			);
			runOnlyForDeploymentPostprocessing = 0;
		};
		F9E14FBF2C4D5AE600ECBD2C /* Sources */ = {
			isa = PBXSourcesBuildPhase;
			buildActionMask = 2147483647;
			files = (
				F9E14FC62C4D5AE600ECBD2C /* TestExampleUITests.swift in Sources */,
				F9E14FC82C4D5AE600ECBD2C /* TestExampleUITestsLaunchTests.swift in Sources */,
			);
			runOnlyForDeploymentPostprocessing = 0;
		};
/* End PBXSourcesBuildPhase section */

/* Begin PBXTargetDependency section */
		F9E14FCA2C4D5AE600ECBD2C /* PBXTargetDependency */ = {
			isa = PBXTargetDependency;
			target = F9E14FAD2C4D5A4200ECBD2C /* TestExample */;
			targetProxy = F9E14FC92C4D5AE600ECBD2C /* PBXContainerItemProxy */;
		};
/* End PBXTargetDependency section */

/* Begin XCBuildConfiguration section */
		F9E14FBA2C4D5A4300ECBD2C /* Debug */ = {
			isa = XCBuildConfiguration;
			buildSettings = {
				ALWAYS_SEARCH_USER_PATHS = NO;
				ASSETCATALOG_COMPILER_GENERATE_SWIFT_ASSET_SYMBOL_EXTENSIONS = YES;
				CLANG_ANALYZER_NONNULL = YES;
				CLANG_ANALYZER_NUMBER_OBJECT_CONVERSION = YES_AGGRESSIVE;
				CLANG_CXX_LANGUAGE_STANDARD = "gnu++20";
				CLANG_ENABLE_MODULES = YES;
				CLANG_ENABLE_OBJC_ARC = YES;
				CLANG_ENABLE_OBJC_WEAK = YES;
				CLANG_WARN_BLOCK_CAPTURE_AUTORELEASING = YES;
				CLANG_WARN_BOOL_CONVERSION = YES;
				CLANG_WARN_COMMA = YES;
				CLANG_WARN_CONSTANT_CONVERSION = YES;
				CLANG_WARN_DEPRECATED_OBJC_IMPLEMENTATIONS = YES;
				CLANG_WARN_DIRECT_OBJC_ISA_USAGE = YES_ERROR;
				CLANG_WARN_DOCUMENTATION_COMMENTS = YES;
				CLANG_WARN_EMPTY_BODY = YES;
				CLANG_WARN_ENUM_CONVERSION = YES;
				CLANG_WARN_INFINITE_RECURSION = YES;
				CLANG_WARN_INT_CONVERSION = YES;
				CLANG_WARN_NON_LITERAL_NULL_CONVERSION = YES;
				CLANG_WARN_OBJC_IMPLICIT_RETAIN_SELF = YES;
				CLANG_WARN_OBJC_LITERAL_CONVERSION = YES;
				CLANG_WARN_OBJC_ROOT_CLASS = YES_ERROR;
				CLANG_WARN_QUOTED_INCLUDE_IN_FRAMEWORK_HEADER = YES;
				CLANG_WARN_RANGE_LOOP_ANALYSIS = YES;
				CLANG_WARN_STRICT_PROTOTYPES = YES;
				CLANG_WARN_SUSPICIOUS_MOVE = YES;
				CLANG_WARN_UNGUARDED_AVAILABILITY = YES_AGGRESSIVE;
				CLANG_WARN_UNREACHABLE_CODE = YES;
				CLANG_WARN__DUPLICATE_METHOD_MATCH = YES;
				COPY_PHASE_STRIP = NO;
				DEBUG_INFORMATION_FORMAT = dwarf;
				ENABLE_STRICT_OBJC_MSGSEND = YES;
				ENABLE_TESTABILITY = YES;
				ENABLE_USER_SCRIPT_SANDBOXING = YES;
				GCC_C_LANGUAGE_STANDARD = gnu17;
				GCC_DYNAMIC_NO_PIC = NO;
				GCC_NO_COMMON_BLOCKS = YES;
				GCC_OPTIMIZATION_LEVEL = 0;
				GCC_PREPROCESSOR_DEFINITIONS = (
					"DEBUG=1",
					"$(inherited)",
				);
				GCC_WARN_64_TO_32_BIT_CONVERSION = YES;
				GCC_WARN_ABOUT_RETURN_TYPE = YES_ERROR;
				GCC_WARN_UNDECLARED_SELECTOR = YES;
				GCC_WARN_UNINITIALIZED_AUTOS = YES_AGGRESSIVE;
				GCC_WARN_UNUSED_FUNCTION = YES;
				GCC_WARN_UNUSED_VARIABLE = YES;
				IPHONEOS_DEPLOYMENT_TARGET = 17.5;
				LOCALIZATION_PREFERS_STRING_CATALOGS = YES;
				MTL_ENABLE_DEBUG_INFO = INCLUDE_SOURCE;
				MTL_FAST_MATH = YES;
				ONLY_ACTIVE_ARCH = YES;
				SDKROOT = iphoneos;
				SWIFT_ACTIVE_COMPILATION_CONDITIONS = "DEBUG $(inherited)";
				SWIFT_OPTIMIZATION_LEVEL = "-Onone";
			};
			name = Debug;
		};
		F9E14FBB2C4D5A4300ECBD2C /* Release */ = {
			isa = XCBuildConfiguration;
			buildSettings = {
				ALWAYS_SEARCH_USER_PATHS = NO;
				ASSETCATALOG_COMPILER_GENERATE_SWIFT_ASSET_SYMBOL_EXTENSIONS = YES;
				CLANG_ANALYZER_NONNULL = YES;
				CLANG_ANALYZER_NUMBER_OBJECT_CONVERSION = YES_AGGRESSIVE;
				CLANG_CXX_LANGUAGE_STANDARD = "gnu++20";
				CLANG_ENABLE_MODULES = YES;
				CLANG_ENABLE_OBJC_ARC = YES;
				CLANG_ENABLE_OBJC_WEAK = YES;
				CLANG_WARN_BLOCK_CAPTURE_AUTORELEASING = YES;
				CLANG_WARN_BOOL_CONVERSION = YES;
				CLANG_WARN_COMMA = YES;
				CLANG_WARN_CONSTANT_CONVERSION = YES;
				CLANG_WARN_DEPRECATED_OBJC_IMPLEMENTATIONS = YES;
				CLANG_WARN_DIRECT_OBJC_ISA_USAGE = YES_ERROR;
				CLANG_WARN_DOCUMENTATION_COMMENTS = YES;
				CLANG_WARN_EMPTY_BODY = YES;
				CLANG_WARN_ENUM_CONVERSION = YES;
				CLANG_WARN_INFINITE_RECURSION = YES;
				CLANG_WARN_INT_CONVERSION = YES;
				CLANG_WARN_NON_LITERAL_NULL_CONVERSION = YES;
				CLANG_WARN_OBJC_IMPLICIT_RETAIN_SELF = YES;
				CLANG_WARN_OBJC_LITERAL_CONVERSION = YES;
				CLANG_WARN_OBJC_ROOT_CLASS = YES_ERROR;
				CLANG_WARN_QUOTED_INCLUDE_IN_FRAMEWORK_HEADER = YES;
				CLANG_WARN_RANGE_LOOP_ANALYSIS = YES;
				CLANG_WARN_STRICT_PROTOTYPES = YES;
				CLANG_WARN_SUSPICIOUS_MOVE = YES;
				CLANG_WARN_UNGUARDED_AVAILABILITY = YES_AGGRESSIVE;
				CLANG_WARN_UNREACHABLE_CODE = YES;
				CLANG_WARN__DUPLICATE_METHOD_MATCH = YES;
				COPY_PHASE_STRIP = NO;
				DEBUG_INFORMATION_FORMAT = "dwarf-with-dsym";
				ENABLE_NS_ASSERTIONS = NO;
				ENABLE_STRICT_OBJC_MSGSEND = YES;
				ENABLE_USER_SCRIPT_SANDBOXING = YES;
				GCC_C_LANGUAGE_STANDARD = gnu17;
				GCC_NO_COMMON_BLOCKS = YES;
				GCC_WARN_64_TO_32_BIT_CONVERSION = YES;
				GCC_WARN_ABOUT_RETURN_TYPE = YES_ERROR;
				GCC_WARN_UNDECLARED_SELECTOR = YES;
				GCC_WARN_UNINITIALIZED_AUTOS = YES_AGGRESSIVE;
				GCC_WARN_UNUSED_FUNCTION = YES;
				GCC_WARN_UNUSED_VARIABLE = YES;
				IPHONEOS_DEPLOYMENT_TARGET = 17.5;
				LOCALIZATION_PREFERS_STRING_CATALOGS = YES;
				MTL_ENABLE_DEBUG_INFO = NO;
				MTL_FAST_MATH = YES;
				SDKROOT = iphoneos;
				SWIFT_COMPILATION_MODE = wholemodule;
				VALIDATE_PRODUCT = YES;
			};
			name = Release;
		};
		F9E14FBD2C4D5A4300ECBD2C /* Debug */ = {
			isa = XCBuildConfiguration;
			buildSettings = {
				ASSETCATALOG_COMPILER_APPICON_NAME = AppIcon;
				ASSETCATALOG_COMPILER_GLOBAL_ACCENT_COLOR_NAME = AccentColor;
				CODE_SIGN_STYLE = Automatic;
				CURRENT_PROJECT_VERSION = 1;
				DEVELOPMENT_ASSET_PATHS = "\"TestExample/Preview Content\"";
				DEVELOPMENT_TEAM = 846TMZL7WC;
				ENABLE_PREVIEWS = YES;
				GENERATE_INFOPLIST_FILE = YES;
				INFOPLIST_KEY_UIApplicationSceneManifest_Generation = YES;
				INFOPLIST_KEY_UIApplicationSupportsIndirectInputEvents = YES;
				INFOPLIST_KEY_UILaunchScreen_Generation = YES;
				INFOPLIST_KEY_UISupportedInterfaceOrientations_iPad = "UIInterfaceOrientationPortrait UIInterfaceOrientationPortraitUpsideDown UIInterfaceOrientationLandscapeLeft UIInterfaceOrientationLandscapeRight";
				INFOPLIST_KEY_UISupportedInterfaceOrientations_iPhone = "UIInterfaceOrientationPortrait UIInterfaceOrientationLandscapeLeft UIInterfaceOrientationLandscapeRight";
				LD_RUNPATH_SEARCH_PATHS = (
					"$(inherited)",
					"@executable_path/Frameworks",
				);
				MARKETING_VERSION = 1.0;
				PRODUCT_BUNDLE_IDENTIFIER = com.jisukim.TestExample;
				PRODUCT_NAME = "$(TARGET_NAME)";
				SWIFT_EMIT_LOC_STRINGS = YES;
				SWIFT_VERSION = 5.0;
				TARGETED_DEVICE_FAMILY = "1,2";
			};
			name = Debug;
		};
		F9E14FBE2C4D5A4300ECBD2C /* Release */ = {
			isa = XCBuildConfiguration;
			buildSettings = {
				ASSETCATALOG_COMPILER_APPICON_NAME = AppIcon;
				ASSETCATALOG_COMPILER_GLOBAL_ACCENT_COLOR_NAME = AccentColor;
				CODE_SIGN_STYLE = Automatic;
				CURRENT_PROJECT_VERSION = 1;
				DEVELOPMENT_ASSET_PATHS = "\"TestExample/Preview Content\"";
				DEVELOPMENT_TEAM = 846TMZL7WC;
				ENABLE_PREVIEWS = YES;
				GENERATE_INFOPLIST_FILE = YES;
				INFOPLIST_KEY_UIApplicationSceneManifest_Generation = YES;
				INFOPLIST_KEY_UIApplicationSupportsIndirectInputEvents = YES;
				INFOPLIST_KEY_UILaunchScreen_Generation = YES;
				INFOPLIST_KEY_UISupportedInterfaceOrientations_iPad = "UIInterfaceOrientationPortrait UIInterfaceOrientationPortraitUpsideDown UIInterfaceOrientationLandscapeLeft UIInterfaceOrientationLandscapeRight";
				INFOPLIST_KEY_UISupportedInterfaceOrientations_iPhone = "UIInterfaceOrientationPortrait UIInterfaceOrientationLandscapeLeft UIInterfaceOrientationLandscapeRight";
				LD_RUNPATH_SEARCH_PATHS = (
					"$(inherited)",
					"@executable_path/Frameworks",
				);
				MARKETING_VERSION = 1.0;
				PRODUCT_BUNDLE_IDENTIFIER = com.jisukim.TestExample;
				PRODUCT_NAME = "$(TARGET_NAME)";
				SWIFT_EMIT_LOC_STRINGS = YES;
				SWIFT_VERSION = 5.0;
				TARGETED_DEVICE_FAMILY = "1,2";
			};
			name = Release;
		};
		F9E14FCC2C4D5AE600ECBD2C /* Debug */ = {
			isa = XCBuildConfiguration;
			buildSettings = {
				CODE_SIGN_STYLE = Automatic;
				CURRENT_PROJECT_VERSION = 1;
				DEVELOPMENT_TEAM = 846TMZL7WC;
				GENERATE_INFOPLIST_FILE = YES;
				MARKETING_VERSION = 1.0;
				PRODUCT_BUNDLE_IDENTIFIER = com.jisukim.TestExampleUITests;
				PRODUCT_NAME = "$(TARGET_NAME)";
				SWIFT_EMIT_LOC_STRINGS = NO;
				SWIFT_VERSION = 5.0;
				TARGETED_DEVICE_FAMILY = "1,2";
				TEST_TARGET_NAME = TestExample;
			};
			name = Debug;
		};
		F9E14FCD2C4D5AE600ECBD2C /* Release */ = {
			isa = XCBuildConfiguration;
			buildSettings = {
				CODE_SIGN_STYLE = Automatic;
				CURRENT_PROJECT_VERSION = 1;
				DEVELOPMENT_TEAM = 846TMZL7WC;
				GENERATE_INFOPLIST_FILE = YES;
				MARKETING_VERSION = 1.0;
				PRODUCT_BUNDLE_IDENTIFIER = com.jisukim.TestExampleUITests;
				PRODUCT_NAME = "$(TARGET_NAME)";
				SWIFT_EMIT_LOC_STRINGS = NO;
				SWIFT_VERSION = 5.0;
				TARGETED_DEVICE_FAMILY = "1,2";
				TEST_TARGET_NAME = TestExample;
			};
			name = Release;
		};
/* End XCBuildConfiguration section */

/* Begin XCConfigurationList section */
		F9E14FA92C4D5A4200ECBD2C /* Build configuration list for PBXProject "TestExample" */ = {
			isa = XCConfigurationList;
			buildConfigurations = (
				F9E14FBA2C4D5A4300ECBD2C /* Debug */,
				F9E14FBB2C4D5A4300ECBD2C /* Release */,
			);
			defaultConfigurationIsVisible = 0;
			defaultConfigurationName = Release;
		};
		F9E14FBC2C4D5A4300ECBD2C /* Build configuration list for PBXNativeTarget "TestExample" */ = {
			isa = XCConfigurationList;
			buildConfigurations = (
				F9E14FBD2C4D5A4300ECBD2C /* Debug */,
				F9E14FBE2C4D5A4300ECBD2C /* Release */,
			);
			defaultConfigurationIsVisible = 0;
			defaultConfigurationName = Release;
		};
		F9E14FCB2C4D5AE600ECBD2C /* Build configuration list for PBXNativeTarget "TestExampleUITests" */ = {
			isa = XCConfigurationList;
			buildConfigurations = (
				F9E14FCC2C4D5AE600ECBD2C /* Debug */,
				F9E14FCD2C4D5AE600ECBD2C /* Release */,
			);
			defaultConfigurationIsVisible = 0;
			defaultConfigurationName = Release;
		};
/* End XCConfigurationList section */
	};
	rootObject = F9E14FA62C4D5A4200ECBD2C /* Project object */;
}
